
Microsoft Visual Studio Solution File, Format Version 12.00
# Visual Studio Version 17
VisualStudioVersion = 17.4.33213.308
MinimumVisualStudioVersion = 10.0.40219.1
Project("{9A19103F-16F7-4668-BE54-9A1E7A4F7556}") = "CassandraConsoleApp", "CassandraConsoleApp\CassandraConsoleApp.csproj", "{4E93305A-FD1A-4697-A5A8-0582A36B111A}"
EndProject
Global
	GlobalSection(SolutionConfigurationPlatforms) = preSolution
		Debug|Any CPU = Debug|Any CPU
		Release|Any CPU = Release|Any CPU
	EndGlobalSection
	GlobalSection(ProjectConfigurationPlatforms) = postSolution
		{4E93305A-FD1A-4697-A5A8-0582A36B111A}.Debug|Any CPU.ActiveCfg = Debug|Any CPU
		{4E93305A-FD1A-4697-A5A8-0582A36B111A}.Debug|Any CPU.Build.0 = Debug|Any CPU
		{4E93305A-FD1A-4697-A5A8-0582A36B111A}.Release|Any CPU.ActiveCfg = Release|Any CPU
		{4E93305A-FD1A-4697-A5A8-0582A36B111A}.Release|Any CPU.Build.0 = Release|Any CPU
	EndGlobalSection
	GlobalSection(SolutionProperties) = preSolution
		HideSolutionNode = FALSE
	EndGlobalSection
	GlobalSection(ExtensibilityGlobals) = postSolution
		SolutionGuid = {F53194E3-D577-4066-9093-F8EB48C7F19D}
	EndGlobalSection
EndGlobal
